
Microsoft Visual Studio Solution File, Format Version 12.00
# Visual Studio Version 16
VisualStudioVersion = 16.0.31129.286
MinimumVisualStudioVersion = 10.0.40219.1
Project("{FAE04EC0-301F-11D3-BF4B-00C04F79EFBC}") = "FractalHelper", "FractalHelper.csproj", "{0C104ABC-9A05-4889-82DC-610CB9C74D99}"
EndProject
Global
	GlobalSection(SolutionConfigurationPlatforms) = preSolution
		Debug|x64 = Debug|x64
		Release|x64 = Release|x64
	EndGlobalSection
	GlobalSection(ProjectConfigurationPlatforms) = postSolution
		{0C104ABC-9A05-4889-82DC-610CB9C74D99}.Debug|x64.ActiveCfg = Debug|x64
		{0C104ABC-9A05-4889-82DC-610CB9C74D99}.Debug|x64.Build.0 = Debug|x64
		{0C104ABC-9A05-4889-82DC-610CB9C74D99}.Release|x64.ActiveCfg = Release|x64
		{0C104ABC-9A05-4889-82DC-610CB9C74D99}.Release|x64.Build.0 = Release|x64
	EndGlobalSection
	GlobalSection(SolutionProperties) = preSolution
		HideSolutionNode = FALSE
	EndGlobalSection
	GlobalSection(ExtensibilityGlobals) = postSolution
		SolutionGuid = {CF2C8A27-8CCA-4F96-BB18-3134F63D695C}
	EndGlobalSection
EndGlobal
